
Microsoft Visual Studio Solution File, Format Version 12.00
# Visual Studio Version 17
VisualStudioVersion = 17.1.32319.34
MinimumVisualStudioVersion = 10.0.40219.1
Project("{9A19103F-16F7-4668-BE54-9A1E7A4F7556}") = "ContaCadastroAPI", "ContaCadastroAPI\ContaCadastroAPI.csproj", "{8FE305B4-28A8-4E9C-BC0F-806A46821059}"
EndProject
Global
	GlobalSection(SolutionConfigurationPlatforms) = preSolution
		Debug|Any CPU = Debug|Any CPU
		Release|Any CPU = Release|Any CPU
	EndGlobalSection
	GlobalSection(ProjectConfigurationPlatforms) = postSolution
		{8FE305B4-28A8-4E9C-BC0F-806A46821059}.Debug|Any CPU.ActiveCfg = Debug|Any CPU
		{8FE305B4-28A8-4E9C-BC0F-806A46821059}.Debug|Any CPU.Build.0 = Debug|Any CPU
		{8FE305B4-28A8-4E9C-BC0F-806A46821059}.Release|Any CPU.ActiveCfg = Release|Any CPU
		{8FE305B4-28A8-4E9C-BC0F-806A46821059}.Release|Any CPU.Build.0 = Release|Any CPU
	EndGlobalSection
	GlobalSection(SolutionProperties) = preSolution
		HideSolutionNode = FALSE
	EndGlobalSection
	GlobalSection(ExtensibilityGlobals) = postSolution
		SolutionGuid = {66831DF1-700C-4542-AA59-DD42DAEA5DB3}
	EndGlobalSection
EndGlobal
